
Microsoft Visual Studio Solution File, Format Version 12.00
# Visual Studio Version 17
VisualStudioVersion = 17.6.33723.286
MinimumVisualStudioVersion = 10.0.40219.1
Project("{FAE04EC0-301F-11D3-BF4B-00C04F79EFBC}") = "VlogOOP", "VlogOOP\VlogOOP.csproj", "{D3AD601F-257F-3626-0CAA-FC3493B2434A}"
EndProject
Global
	GlobalSection(SolutionConfigurationPlatforms) = preSolution
		Debug|Any CPU = Debug|Any CPU
		Release|Any CPU = Release|Any CPU
	EndGlobalSection
	GlobalSection(ProjectConfigurationPlatforms) = postSolution
		{D3AD601F-257F-3626-0CAA-FC3493B2434A}.Debug|Any CPU.ActiveCfg = Debug|Any CPU
		{D3AD601F-257F-3626-0CAA-FC3493B2434A}.Debug|Any CPU.Build.0 = Debug|Any CPU
		{D3AD601F-257F-3626-0CAA-FC3493B2434A}.Release|Any CPU.ActiveCfg = Release|Any CPU
		{D3AD601F-257F-3626-0CAA-FC3493B2434A}.Release|Any CPU.Build.0 = Release|Any CPU
	EndGlobalSection
	GlobalSection(SolutionProperties) = preSolution
		HideSolutionNode = FALSE
	EndGlobalSection
	GlobalSection(ExtensibilityGlobals) = postSolution
		SolutionGuid = {D04B98AC-136A-4C8C-B719-4C015A52F31A}
	EndGlobalSection
EndGlobal
